{
  "name": "deployforge-mock",
  "version": "1.0.0",
  "lockfileVersion": 3,
  "requires": true,
  "packages": {
    "": {
      "name": "deployforge-mock",
      "version": "1.0.0",
      "dependencies": {
        "@openfeature/go-feature-flag-provider": "1.4.0",
        "@openfeature/server-sdk": "1.23.0",
        "awilix": "13.0.5"
      }
    }
  }
}
